// !$*UTF8*$!
{
	archiveVersion = 1;
	classes = {
	};
	objectVersion = 77;
	objects = {

/* Begin PBXContainerItemProxy section */
		32A9AD082DBA7B03000B7EDE /* PBXContainerItemProxy */ = {
			isa = PBXContainerItemProxy;
			containerPortal = 32A9ACE62DBA7B01000B7EDE /* Project object */;
			proxyType = 1;
			remoteGlobalIDString = 32A9ACED2DBA7B01000B7EDE;
			remoteInfo = Bemol;
		};
		32A9AD122DBA7B03000B7EDE /* PBXContainerItemProxy */ = {
			isa = PBXContainerItemProxy;
			containerPortal = 32A9ACE62DBA7B01000B7EDE /* Project object */;
			proxyType = 1;
			remoteGlobalIDString = 32A9ACED2DBA7B01000B7EDE;
			remoteInfo = Bemol;
		};
/* End PBXContainerItemProxy section */

/* Begin PBXFileReference section */
		32147CC42DE25C4E003C3967 /* alt-store.json */ = {isa = PBXFileReference; lastKnownFileType = text.json; path = "alt-store.json"; sourceTree = "<group>"; };
		322CBD412DD5A8CB0092E1AC /* PRIVACY.md */ = {isa = PBXFileReference; lastKnownFileType = net.daringfireball.markdown; path = PRIVACY.md; sourceTree = "<group>"; };
		324CBF902DC372B7002B3923 /* LICENSE */ = {isa = PBXFileReference; lastKnownFileType = text; path = LICENSE; sourceTree = "<group>"; };
		324CBF912DC37358002B3923 /* README.md */ = {isa = PBXFileReference; lastKnownFileType = net.daringfireball.markdown; path = README.md; sourceTree = "<group>"; };
		32A9ACEE2DBA7B01000B7EDE /* Bemol.app */ = {isa = PBXFileReference; explicitFileType = wrapper.application; includeInIndex = 0; path = Bemol.app; sourceTree = BUILT_PRODUCTS_DIR; };
		32A9AD072DBA7B03000B7EDE /* BemolTests.xctest */ = {isa = PBXFileReference; explicitFileType = wrapper.cfbundle; includeInIndex = 0; path = BemolTests.xctest; sourceTree = BUILT_PRODUCTS_DIR; };
		32A9AD112DBA7B03000B7EDE /* BemolUITests.xctest */ = {isa = PBXFileReference; explicitFileType = wrapper.cfbundle; includeInIndex = 0; path = BemolUITests.xctest; sourceTree = BUILT_PRODUCTS_DIR; };
		32A9AE492DBF9692000B7EDE /* Bemol.xctestplan */ = {isa = PBXFileReference; lastKnownFileType = text; path = Bemol.xctestplan; sourceTree = "<group>"; };
		32A9AE642DC11956000B7EDE /* PrivacyInfo.xcprivacy */ = {isa = PBXFileReference; lastKnownFileType = text.xml; path = PrivacyInfo.xcprivacy; sourceTree = "<group>"; };
/* End PBXFileReference section */

/* Begin PBXFileSystemSynchronizedBuildFileExceptionSet section */
		32A9AD192DBA7B03000B7EDE /* Exceptions for "Bemol" folder in "Bemol" target */ = {
			isa = PBXFileSystemSynchronizedBuildFileExceptionSet;
			membershipExceptions = (
				Info.plist,
			);
			target = 32A9ACED2DBA7B01000B7EDE /* Bemol */;
		};
/* End PBXFileSystemSynchronizedBuildFileExceptionSet section */

/* Begin PBXFileSystemSynchronizedRootGroup section */
		324CBFA22DC3E2D9002B3923 /* Configurations */ = {
			isa = PBXFileSystemSynchronizedRootGroup;
			path = Configurations;
			sourceTree = "<group>";
		};
		32A9ACF02DBA7B01000B7EDE /* Bemol */ = {
			isa = PBXFileSystemSynchronizedRootGroup;
			exceptions = (
				32A9AD192DBA7B03000B7EDE /* Exceptions for "Bemol" folder in "Bemol" target */,
			);
			path = Bemol;
			sourceTree = "<group>";
		};
		32A9AD0A2DBA7B03000B7EDE /* BemolTests */ = {
			isa = PBXFileSystemSynchronizedRootGroup;
			path = BemolTests;
			sourceTree = "<group>";
		};
		32A9AD142DBA7B03000B7EDE /* BemolUITests */ = {
			isa = PBXFileSystemSynchronizedRootGroup;
			path = BemolUITests;
			sourceTree = "<group>";
		};
		32A9AE852DC269B9000B7EDE /* Scripts */ = {
			isa = PBXFileSystemSynchronizedRootGroup;
			path = Scripts;
			sourceTree = "<group>";
		};
		32A9AE892DC26A61000B7EDE /* Resources */ = {
			isa = PBXFileSystemSynchronizedRootGroup;
			path = Resources;
			sourceTree = "<group>";
		};
/* End PBXFileSystemSynchronizedRootGroup section */

/* Begin PBXFrameworksBuildPhase section */
		32A9ACEB2DBA7B01000B7EDE /* Frameworks */ = {
			isa = PBXFrameworksBuildPhase;
			buildActionMask = 2147483647;
			files = (
			);
			runOnlyForDeploymentPostprocessing = 0;
		};
		32A9AD042DBA7B03000B7EDE /* Frameworks */ = {
			isa = PBXFrameworksBuildPhase;
			buildActionMask = 2147483647;
			files = (
			);
			runOnlyForDeploymentPostprocessing = 0;
		};
		32A9AD0E2DBA7B03000B7EDE /* Frameworks */ = {
			isa = PBXFrameworksBuildPhase;
			buildActionMask = 2147483647;
			files = (
			);
			runOnlyForDeploymentPostprocessing = 0;
		};
/* End PBXFrameworksBuildPhase section */

/* Begin PBXGroup section */
		32A9ACE52DBA7B01000B7EDE = {
			isa = PBXGroup;
			children = (
				324CBFA22DC3E2D9002B3923 /* Configurations */,
				32A9ACF02DBA7B01000B7EDE /* Bemol */,
				32A9AD0A2DBA7B03000B7EDE /* BemolTests */,
				32A9AD142DBA7B03000B7EDE /* BemolUITests */,
				32A9AE892DC26A61000B7EDE /* Resources */,
				32A9AE852DC269B9000B7EDE /* Scripts */,
				32147CC42DE25C4E003C3967 /* alt-store.json */,
				32A9AE492DBF9692000B7EDE /* Bemol.xctestplan */,
				322CBD412DD5A8CB0092E1AC /* PRIVACY.md */,
				32A9AE642DC11956000B7EDE /* PrivacyInfo.xcprivacy */,
				324CBF902DC372B7002B3923 /* LICENSE */,
				324CBF912DC37358002B3923 /* README.md */,
				32A9ACEF2DBA7B01000B7EDE /* Products */,
			);
			sourceTree = "<group>";
		};
		32A9ACEF2DBA7B01000B7EDE /* Products */ = {
			isa = PBXGroup;
			children = (
				32A9ACEE2DBA7B01000B7EDE /* Bemol.app */,
				32A9AD072DBA7B03000B7EDE /* BemolTests.xctest */,
				32A9AD112DBA7B03000B7EDE /* BemolUITests.xctest */,
			);
			name = Products;
			sourceTree = "<group>";
		};
/* End PBXGroup section */

/* Begin PBXNativeTarget section */
		32A9ACED2DBA7B01000B7EDE /* Bemol */ = {
			isa = PBXNativeTarget;
			buildConfigurationList = 32A9AD1A2DBA7B03000B7EDE /* Build configuration list for PBXNativeTarget "Bemol" */;
			buildPhases = (
				32A9ACEA2DBA7B01000B7EDE /* Sources */,
				32A9ACEB2DBA7B01000B7EDE /* Frameworks */,
				32A9ACEC2DBA7B01000B7EDE /* Resources */,
			);
			buildRules = (
			);
			dependencies = (
			);
			fileSystemSynchronizedGroups = (
				324CBFA22DC3E2D9002B3923 /* Configurations */,
				32A9ACF02DBA7B01000B7EDE /* Bemol */,
			);
			name = Bemol;
			packageProductDependencies = (
			);
			productName = Bemol;
			productReference = 32A9ACEE2DBA7B01000B7EDE /* Bemol.app */;
			productType = "com.apple.product-type.application";
		};
		32A9AD062DBA7B03000B7EDE /* BemolTests */ = {
			isa = PBXNativeTarget;
			buildConfigurationList = 32A9AD1F2DBA7B03000B7EDE /* Build configuration list for PBXNativeTarget "BemolTests" */;
			buildPhases = (
				32A9AD032DBA7B03000B7EDE /* Sources */,
				32A9AD042DBA7B03000B7EDE /* Frameworks */,
				32A9AD052DBA7B03000B7EDE /* Resources */,
			);
			buildRules = (
			);
			dependencies = (
				32A9AD092DBA7B03000B7EDE /* PBXTargetDependency */,
			);
			fileSystemSynchronizedGroups = (
				32A9AD0A2DBA7B03000B7EDE /* BemolTests */,
			);
			name = BemolTests;
			packageProductDependencies = (
			);
			productName = BemolTests;
			productReference = 32A9AD072DBA7B03000B7EDE /* BemolTests.xctest */;
			productType = "com.apple.product-type.bundle.unit-test";
		};
		32A9AD102DBA7B03000B7EDE /* BemolUITests */ = {
			isa = PBXNativeTarget;
			buildConfigurationList = 32A9AD222DBA7B03000B7EDE /* Build configuration list for PBXNativeTarget "BemolUITests" */;
			buildPhases = (
				32A9AD0D2DBA7B03000B7EDE /* Sources */,
				32A9AD0E2DBA7B03000B7EDE /* Frameworks */,
				32A9AD0F2DBA7B03000B7EDE /* Resources */,
			);
			buildRules = (
			);
			dependencies = (
				32A9AD132DBA7B03000B7EDE /* PBXTargetDependency */,
			);
			fileSystemSynchronizedGroups = (
				32A9AD142DBA7B03000B7EDE /* BemolUITests */,
			);
			name = BemolUITests;
			packageProductDependencies = (
			);
			productName = BemolUITests;
			productReference = 32A9AD112DBA7B03000B7EDE /* BemolUITests.xctest */;
			productType = "com.apple.product-type.bundle.ui-testing";
		};
/* End PBXNativeTarget section */

/* Begin PBXProject section */
		32A9ACE62DBA7B01000B7EDE /* Project object */ = {
			isa = PBXProject;
			attributes = {
				BuildIndependentTargetsInParallel = 1;
				LastSwiftUpdateCheck = 1620;
				LastUpgradeCheck = 1620;
				TargetAttributes = {
					32A9ACED2DBA7B01000B7EDE = {
						CreatedOnToolsVersion = 16.2;
					};
					32A9AD062DBA7B03000B7EDE = {
						CreatedOnToolsVersion = 16.2;
						TestTargetID = 32A9ACED2DBA7B01000B7EDE;
					};
					32A9AD102DBA7B03000B7EDE = {
						CreatedOnToolsVersion = 16.2;
						TestTargetID = 32A9ACED2DBA7B01000B7EDE;
					};
				};
			};
			buildConfigurationList = 32A9ACE92DBA7B01000B7EDE /* Build configuration list for PBXProject "Bemol" */;
			developmentRegion = en;
			hasScannedForEncodings = 0;
			knownRegions = (
				en,
				Base,
				fr,
				sv,
			);
			mainGroup = 32A9ACE52DBA7B01000B7EDE;
			minimizedProjectReferenceProxies = 1;
			preferredProjectObjectVersion = 77;
			productRefGroup = 32A9ACEF2DBA7B01000B7EDE /* Products */;
			projectDirPath = "";
			projectRoot = "";
			targets = (
				32A9ACED2DBA7B01000B7EDE /* Bemol */,
				32A9AD062DBA7B03000B7EDE /* BemolTests */,
				32A9AD102DBA7B03000B7EDE /* BemolUITests */,
			);
		};
/* End PBXProject section */

/* Begin PBXResourcesBuildPhase section */
		32A9ACEC2DBA7B01000B7EDE /* Resources */ = {
			isa = PBXResourcesBuildPhase;
			buildActionMask = 2147483647;
			files = (
			);
			runOnlyForDeploymentPostprocessing = 0;
		};
		32A9AD052DBA7B03000B7EDE /* Resources */ = {
			isa = PBXResourcesBuildPhase;
			buildActionMask = 2147483647;
			files = (
			);
			runOnlyForDeploymentPostprocessing = 0;
		};
		32A9AD0F2DBA7B03000B7EDE /* Resources */ = {
			isa = PBXResourcesBuildPhase;
			buildActionMask = 2147483647;
			files = (
			);
			runOnlyForDeploymentPostprocessing = 0;
		};
/* End PBXResourcesBuildPhase section */

/* Begin PBXSourcesBuildPhase section */
		32A9ACEA2DBA7B01000B7EDE /* Sources */ = {
			isa = PBXSourcesBuildPhase;
			buildActionMask = 2147483647;
			files = (
			);
			runOnlyForDeploymentPostprocessing = 0;
		};
		32A9AD032DBA7B03000B7EDE /* Sources */ = {
			isa = PBXSourcesBuildPhase;
			buildActionMask = 2147483647;
			files = (
			);
			runOnlyForDeploymentPostprocessing = 0;
		};
		32A9AD0D2DBA7B03000B7EDE /* Sources */ = {
			isa = PBXSourcesBuildPhase;
			buildActionMask = 2147483647;
			files = (
			);
			runOnlyForDeploymentPostprocessing = 0;
		};
/* End PBXSourcesBuildPhase section */

/* Begin PBXTargetDependency section */
		32A9AD092DBA7B03000B7EDE /* PBXTargetDependency */ = {
			isa = PBXTargetDependency;
			target = 32A9ACED2DBA7B01000B7EDE /* Bemol */;
			targetProxy = 32A9AD082DBA7B03000B7EDE /* PBXContainerItemProxy */;
		};
		32A9AD132DBA7B03000B7EDE /* PBXTargetDependency */ = {
			isa = PBXTargetDependency;
			target = 32A9ACED2DBA7B01000B7EDE /* Bemol */;
			targetProxy = 32A9AD122DBA7B03000B7EDE /* PBXContainerItemProxy */;
		};
/* End PBXTargetDependency section */

/* Begin XCBuildConfiguration section */
		32A9AD1B2DBA7B03000B7EDE /* Debug */ = {
			isa = XCBuildConfiguration;
			baseConfigurationReferenceAnchor = 324CBFA22DC3E2D9002B3923 /* Configurations */;
			baseConfigurationReferenceRelativePath = Debug.xcconfig;
			buildSettings = {
				ASSETCATALOG_COMPILER_APPICON_NAME = AppIcon;
				ASSETCATALOG_COMPILER_GLOBAL_ACCENT_COLOR_NAME = AccentColor;
				CODE_SIGN_IDENTITY = "Apple Development";
				CODE_SIGN_STYLE = Automatic;
				CURRENT_PROJECT_VERSION = "$(CURRENT_PROJECT_VERSION)";
				DEVELOPMENT_TEAM = "$(DEVELOPMENT_TEAM)";
				GENERATE_INFOPLIST_FILE = YES;
				INFOPLIST_FILE = Bemol/Info.plist;
				INFOPLIST_KEY_CFBundleDisplayName = Bemol;
				INFOPLIST_KEY_LSApplicationCategoryType = "public.app-category.education";
				INFOPLIST_KEY_UIApplicationSupportsIndirectInputEvents = YES;
				INFOPLIST_KEY_UILaunchStoryboardName = LaunchScreen;
				INFOPLIST_KEY_UIStatusBarStyle = "";
				INFOPLIST_KEY_UISupportedInterfaceOrientations = "UIInterfaceOrientationLandscapeLeft UIInterfaceOrientationLandscapeRight";
				INFOPLIST_KEY_UISupportedInterfaceOrientations_iPad = "UIInterfaceOrientationLandscapeLeft UIInterfaceOrientationLandscapeRight UIInterfaceOrientationPortrait UIInterfaceOrientationPortraitUpsideDown";
				LD_RUNPATH_SEARCH_PATHS = (
					"$(inherited)",
					"@executable_path/Frameworks",
				);
				MARKETING_VERSION = "$(MARKETING_VERSION)";
				PRODUCT_BUNDLE_IDENTIFIER = com.tchirou.apps.bemol;
				PRODUCT_NAME = "$(TARGET_NAME)";
				PROVISIONING_PROFILE_SPECIFIER = "";
				SUPPORTED_PLATFORMS = "iphoneos iphonesimulator";
				SUPPORTS_MACCATALYST = NO;
				SUPPORTS_MAC_DESIGNED_FOR_IPHONE_IPAD = NO;
				SUPPORTS_XR_DESIGNED_FOR_IPHONE_IPAD = NO;
				SWIFT_EMIT_LOC_STRINGS = YES;
				SWIFT_VERSION = 6.0;
				TARGETED_DEVICE_FAMILY = "1,2";
			};
			name = Debug;
		};
		32A9AD1C2DBA7B03000B7EDE /* Release */ = {
			isa = XCBuildConfiguration;
			baseConfigurationReferenceAnchor = 324CBFA22DC3E2D9002B3923 /* Configurations */;
			baseConfigurationReferenceRelativePath = Release.xcconfig;
			buildSettings = {
				ASSETCATALOG_COMPILER_APPICON_NAME = AppIcon;
				ASSETCATALOG_COMPILER_GLOBAL_ACCENT_COLOR_NAME = AccentColor;
				CODE_SIGN_IDENTITY = "Apple Development";
				CODE_SIGN_STYLE = Automatic;
				CURRENT_PROJECT_VERSION = "$(CURRENT_PROJECT_VERSION)";
				DEVELOPMENT_TEAM = "$(DEVELOPMENT_TEAM)";
				GENERATE_INFOPLIST_FILE = YES;
				INFOPLIST_FILE = Bemol/Info.plist;
				INFOPLIST_KEY_CFBundleDisplayName = Bemol;
				INFOPLIST_KEY_LSApplicationCategoryType = "public.app-category.education";
				INFOPLIST_KEY_UIApplicationSupportsIndirectInputEvents = YES;
				INFOPLIST_KEY_UILaunchStoryboardName = LaunchScreen;
				INFOPLIST_KEY_UIStatusBarStyle = "";
				INFOPLIST_KEY_UISupportedInterfaceOrientations = "UIInterfaceOrientationLandscapeLeft UIInterfaceOrientationLandscapeRight";
				INFOPLIST_KEY_UISupportedInterfaceOrientations_iPad = "UIInterfaceOrientationLandscapeLeft UIInterfaceOrientationLandscapeRight UIInterfaceOrientationPortrait UIInterfaceOrientationPortraitUpsideDown";
				LD_RUNPATH_SEARCH_PATHS = (
					"$(inherited)",
					"@executable_path/Frameworks",
				);
				MARKETING_VERSION = "$(MARKETING_VERSION)";
				PRODUCT_BUNDLE_IDENTIFIER = com.tchirou.apps.bemol;
				PRODUCT_NAME = "$(TARGET_NAME)";
				PROVISIONING_PROFILE_SPECIFIER = "";
				SUPPORTED_PLATFORMS = "iphoneos iphonesimulator";
				SUPPORTS_MACCATALYST = NO;
				SUPPORTS_MAC_DESIGNED_FOR_IPHONE_IPAD = NO;
				SUPPORTS_XR_DESIGNED_FOR_IPHONE_IPAD = NO;
				SWIFT_EMIT_LOC_STRINGS = YES;
				SWIFT_VERSION = 6.0;
				TARGETED_DEVICE_FAMILY = "1,2";
			};
			name = Release;
		};
		32A9AD1D2DBA7B03000B7EDE /* Debug */ = {
			isa = XCBuildConfiguration;
			baseConfigurationReferenceAnchor = 324CBFA22DC3E2D9002B3923 /* Configurations */;
			baseConfigurationReferenceRelativePath = Debug.xcconfig;
			buildSettings = {
				ALWAYS_SEARCH_USER_PATHS = NO;
				ASSETCATALOG_COMPILER_GENERATE_SWIFT_ASSET_SYMBOL_EXTENSIONS = YES;
				CLANG_ANALYZER_LOCALIZABILITY_NONLOCALIZED = YES;
				CLANG_ANALYZER_NONNULL = YES;
				CLANG_ANALYZER_NUMBER_OBJECT_CONVERSION = YES_AGGRESSIVE;
				CLANG_CXX_LANGUAGE_STANDARD = "gnu++20";
				CLANG_ENABLE_MODULES = YES;
				CLANG_ENABLE_OBJC_ARC = YES;
				CLANG_ENABLE_OBJC_WEAK = YES;
				CLANG_WARN_BLOCK_CAPTURE_AUTORELEASING = YES;
				CLANG_WARN_BOOL_CONVERSION = YES;
				CLANG_WARN_COMMA = YES;
				CLANG_WARN_CONSTANT_CONVERSION = YES;
				CLANG_WARN_DEPRECATED_OBJC_IMPLEMENTATIONS = YES;
				CLANG_WARN_DIRECT_OBJC_ISA_USAGE = YES_ERROR;
				CLANG_WARN_DOCUMENTATION_COMMENTS = YES;
				CLANG_WARN_EMPTY_BODY = YES;
				CLANG_WARN_ENUM_CONVERSION = YES;
				CLANG_WARN_INFINITE_RECURSION = YES;
				CLANG_WARN_INT_CONVERSION = YES;
				CLANG_WARN_NON_LITERAL_NULL_CONVERSION = YES;
				CLANG_WARN_OBJC_IMPLICIT_RETAIN_SELF = YES;
				CLANG_WARN_OBJC_LITERAL_CONVERSION = YES;
				CLANG_WARN_OBJC_ROOT_CLASS = YES_ERROR;
				CLANG_WARN_QUOTED_INCLUDE_IN_FRAMEWORK_HEADER = YES;
				CLANG_WARN_RANGE_LOOP_ANALYSIS = YES;
				CLANG_WARN_STRICT_PROTOTYPES = YES;
				CLANG_WARN_SUSPICIOUS_MOVE = YES;
				CLANG_WARN_UNGUARDED_AVAILABILITY = YES_AGGRESSIVE;
				CLANG_WARN_UNREACHABLE_CODE = YES;
				CLANG_WARN__DUPLICATE_METHOD_MATCH = YES;
				COPY_PHASE_STRIP = NO;
				DEBUG_INFORMATION_FORMAT = dwarf;
				ENABLE_STRICT_OBJC_MSGSEND = YES;
				ENABLE_TESTABILITY = YES;
				ENABLE_USER_SCRIPT_SANDBOXING = YES;
				GCC_C_LANGUAGE_STANDARD = gnu17;
				GCC_DYNAMIC_NO_PIC = NO;
				GCC_NO_COMMON_BLOCKS = YES;
				GCC_OPTIMIZATION_LEVEL = 0;
				GCC_PREPROCESSOR_DEFINITIONS = (
					"DEBUG=1",
					"$(inherited)",
				);
				GCC_WARN_64_TO_32_BIT_CONVERSION = YES;
				GCC_WARN_ABOUT_RETURN_TYPE = YES_ERROR;
				GCC_WARN_UNDECLARED_SELECTOR = YES;
				GCC_WARN_UNINITIALIZED_AUTOS = YES_AGGRESSIVE;
				GCC_WARN_UNUSED_FUNCTION = YES;
				GCC_WARN_UNUSED_VARIABLE = YES;
				IPHONEOS_DEPLOYMENT_TARGET = 18.2;
				LOCALIZATION_PREFERS_STRING_CATALOGS = YES;
				MTL_ENABLE_DEBUG_INFO = INCLUDE_SOURCE;
				MTL_FAST_MATH = YES;
				ONLY_ACTIVE_ARCH = YES;
				SDKROOT = iphoneos;
				SWIFT_ACTIVE_COMPILATION_CONDITIONS = "DEBUG $(inherited)";
				SWIFT_EMIT_LOC_STRINGS = YES;
				SWIFT_OPTIMIZATION_LEVEL = "-Onone";
			};
			name = Debug;
		};
		32A9AD1E2DBA7B03000B7EDE /* Release */ = {
			isa = XCBuildConfiguration;
			baseConfigurationReferenceAnchor = 324CBFA22DC3E2D9002B3923 /* Configurations */;
			baseConfigurationReferenceRelativePath = Release.xcconfig;
			buildSettings = {
				ALWAYS_SEARCH_USER_PATHS = NO;
				ASSETCATALOG_COMPILER_GENERATE_SWIFT_ASSET_SYMBOL_EXTENSIONS = YES;
				CLANG_ANALYZER_LOCALIZABILITY_NONLOCALIZED = YES;
				CLANG_ANALYZER_NONNULL = YES;
				CLANG_ANALYZER_NUMBER_OBJECT_CONVERSION = YES_AGGRESSIVE;
				CLANG_CXX_LANGUAGE_STANDARD = "gnu++20";
				CLANG_ENABLE_MODULES = YES;
				CLANG_ENABLE_OBJC_ARC = YES;
				CLANG_ENABLE_OBJC_WEAK = YES;
				CLANG_WARN_BLOCK_CAPTURE_AUTORELEASING = YES;
				CLANG_WARN_BOOL_CONVERSION = YES;
				CLANG_WARN_COMMA = YES;
				CLANG_WARN_CONSTANT_CONVERSION = YES;
				CLANG_WARN_DEPRECATED_OBJC_IMPLEMENTATIONS = YES;
				CLANG_WARN_DIRECT_OBJC_ISA_USAGE = YES_ERROR;
				CLANG_WARN_DOCUMENTATION_COMMENTS = YES;
				CLANG_WARN_EMPTY_BODY = YES;
				CLANG_WARN_ENUM_CONVERSION = YES;
				CLANG_WARN_INFINITE_RECURSION = YES;
				CLANG_WARN_INT_CONVERSION = YES;
				CLANG_WARN_NON_LITERAL_NULL_CONVERSION = YES;
				CLANG_WARN_OBJC_IMPLICIT_RETAIN_SELF = YES;
				CLANG_WARN_OBJC_LITERAL_CONVERSION = YES;
				CLANG_WARN_OBJC_ROOT_CLASS = YES_ERROR;
				CLANG_WARN_QUOTED_INCLUDE_IN_FRAMEWORK_HEADER = YES;
				CLANG_WARN_RANGE_LOOP_ANALYSIS = YES;
				CLANG_WARN_STRICT_PROTOTYPES = YES;
				CLANG_WARN_SUSPICIOUS_MOVE = YES;
				CLANG_WARN_UNGUARDED_AVAILABILITY = YES_AGGRESSIVE;
				CLANG_WARN_UNREACHABLE_CODE = YES;
				CLANG_WARN__DUPLICATE_METHOD_MATCH = YES;
				COPY_PHASE_STRIP = NO;
				DEBUG_INFORMATION_FORMAT = "dwarf-with-dsym";
				ENABLE_NS_ASSERTIONS = NO;
				ENABLE_STRICT_OBJC_MSGSEND = YES;
				ENABLE_USER_SCRIPT_SANDBOXING = YES;
				GCC_C_LANGUAGE_STANDARD = gnu17;
				GCC_NO_COMMON_BLOCKS = YES;
				GCC_WARN_64_TO_32_BIT_CONVERSION = YES;
				GCC_WARN_ABOUT_RETURN_TYPE = YES_ERROR;
				GCC_WARN_UNDECLARED_SELECTOR = YES;
				GCC_WARN_UNINITIALIZED_AUTOS = YES_AGGRESSIVE;
				GCC_WARN_UNUSED_FUNCTION = YES;
				GCC_WARN_UNUSED_VARIABLE = YES;
				IPHONEOS_DEPLOYMENT_TARGET = 18.2;
				LOCALIZATION_PREFERS_STRING_CATALOGS = YES;
				MTL_ENABLE_DEBUG_INFO = NO;
				MTL_FAST_MATH = YES;
				SDKROOT = iphoneos;
				SWIFT_COMPILATION_MODE = wholemodule;
				SWIFT_EMIT_LOC_STRINGS = YES;
				VALIDATE_PRODUCT = YES;
			};
			name = Release;
		};
		32A9AD202DBA7B03000B7EDE /* Debug */ = {
			isa = XCBuildConfiguration;
			baseConfigurationReferenceAnchor = 324CBFA22DC3E2D9002B3923 /* Configurations */;
			baseConfigurationReferenceRelativePath = Debug.xcconfig;
			buildSettings = {
				BUNDLE_LOADER = "$(TEST_HOST)";
				CODE_SIGN_STYLE = Automatic;
				CURRENT_PROJECT_VERSION = 1;
				GENERATE_INFOPLIST_FILE = YES;
				IPHONEOS_DEPLOYMENT_TARGET = 18.2;
				MARKETING_VERSION = 1.0;
				PRODUCT_BUNDLE_IDENTIFIER = tchirou.com.BemolTests;
				PRODUCT_NAME = "$(TARGET_NAME)";
				SWIFT_EMIT_LOC_STRINGS = NO;
				SWIFT_VERSION = 6.0;
				TARGETED_DEVICE_FAMILY = "1,2";
				TEST_HOST = "$(BUILT_PRODUCTS_DIR)/Bemol.app/$(BUNDLE_EXECUTABLE_FOLDER_PATH)/Bemol";
			};
			name = Debug;
		};
		32A9AD212DBA7B03000B7EDE /* Release */ = {
			isa = XCBuildConfiguration;
			buildSettings = {
				BUNDLE_LOADER = "$(TEST_HOST)";
				CODE_SIGN_STYLE = Automatic;
				CURRENT_PROJECT_VERSION = 1;
				GENERATE_INFOPLIST_FILE = YES;
				IPHONEOS_DEPLOYMENT_TARGET = 18.2;
				MARKETING_VERSION = 1.0;
				PRODUCT_BUNDLE_IDENTIFIER = tchirou.com.BemolTests;
				PRODUCT_NAME = "$(TARGET_NAME)";
				SWIFT_EMIT_LOC_STRINGS = NO;
				SWIFT_VERSION = 6.0;
				TARGETED_DEVICE_FAMILY = "1,2";
				TEST_HOST = "$(BUILT_PRODUCTS_DIR)/Bemol.app/$(BUNDLE_EXECUTABLE_FOLDER_PATH)/Bemol";
			};
			name = Release;
		};
		32A9AD232DBA7B03000B7EDE /* Debug */ = {
			isa = XCBuildConfiguration;
			baseConfigurationReferenceAnchor = 32A9ACF02DBA7B01000B7EDE /* Bemol */;
			baseConfigurationReferenceRelativePath = Configurations/Debug.xcconfig;
			buildSettings = {
				CODE_SIGN_STYLE = Automatic;
				CURRENT_PROJECT_VERSION = 1;
				GENERATE_INFOPLIST_FILE = YES;
				MARKETING_VERSION = 1.0;
				PRODUCT_BUNDLE_IDENTIFIER = tchirou.com.BemolUITests;
				PRODUCT_NAME = "$(TARGET_NAME)";
				SWIFT_EMIT_LOC_STRINGS = NO;
				SWIFT_VERSION = 5.0;
				TARGETED_DEVICE_FAMILY = "1,2";
				TEST_TARGET_NAME = Bemol;
			};
			name = Debug;
		};
		32A9AD242DBA7B03000B7EDE /* Release */ = {
			isa = XCBuildConfiguration;
			buildSettings = {
				CODE_SIGN_STYLE = Automatic;
				CURRENT_PROJECT_VERSION = 1;
				GENERATE_INFOPLIST_FILE = YES;
				MARKETING_VERSION = 1.0;
				PRODUCT_BUNDLE_IDENTIFIER = tchirou.com.BemolUITests;
				PRODUCT_NAME = "$(TARGET_NAME)";
				SWIFT_EMIT_LOC_STRINGS = NO;
				SWIFT_VERSION = 5.0;
				TARGETED_DEVICE_FAMILY = "1,2";
				TEST_TARGET_NAME = Bemol;
			};
			name = Release;
		};
/* End XCBuildConfiguration section */

/* Begin XCConfigurationList section */
		32A9ACE92DBA7B01000B7EDE /* Build configuration list for PBXProject "Bemol" */ = {
			isa = XCConfigurationList;
			buildConfigurations = (
				32A9AD1D2DBA7B03000B7EDE /* Debug */,
				32A9AD1E2DBA7B03000B7EDE /* Release */,
			);
			defaultConfigurationIsVisible = 0;
			defaultConfigurationName = Release;
		};
		32A9AD1A2DBA7B03000B7EDE /* Build configuration list for PBXNativeTarget "Bemol" */ = {
			isa = XCConfigurationList;
			buildConfigurations = (
				32A9AD1B2DBA7B03000B7EDE /* Debug */,
				32A9AD1C2DBA7B03000B7EDE /* Release */,
			);
			defaultConfigurationIsVisible = 0;
			defaultConfigurationName = Release;
		};
		32A9AD1F2DBA7B03000B7EDE /* Build configuration list for PBXNativeTarget "BemolTests" */ = {
			isa = XCConfigurationList;
			buildConfigurations = (
				32A9AD202DBA7B03000B7EDE /* Debug */,
				32A9AD212DBA7B03000B7EDE /* Release */,
			);
			defaultConfigurationIsVisible = 0;
			defaultConfigurationName = Release;
		};
		32A9AD222DBA7B03000B7EDE /* Build configuration list for PBXNativeTarget "BemolUITests" */ = {
			isa = XCConfigurationList;
			buildConfigurations = (
				32A9AD232DBA7B03000B7EDE /* Debug */,
				32A9AD242DBA7B03000B7EDE /* Release */,
			);
			defaultConfigurationIsVisible = 0;
			defaultConfigurationName = Release;
		};
/* End XCConfigurationList section */
	};
	rootObject = 32A9ACE62DBA7B01000B7EDE /* Project object */;
}
